
Microsoft Visual Studio Solution File, Format Version 12.00
Project("{FAE04EC0-301F-11D3-BF4B-00C04F79EFBC}") = "JokesWebsite", "JokesWebsite\JokesWebsite.csproj", "{4957A56C-91FC-4CCC-8BEE-39B17B34AEBA}"
EndProject
Global
	GlobalSection(SolutionConfigurationPlatforms) = preSolution
		Debug|Any CPU = Debug|Any CPU
		Release|Any CPU = Release|Any CPU
	EndGlobalSection
	GlobalSection(ProjectConfigurationPlatforms) = postSolution
		{4957A56C-91FC-4CCC-8BEE-39B17B34AEBA}.Debug|Any CPU.ActiveCfg = Debug|Any CPU
		{4957A56C-91FC-4CCC-8BEE-39B17B34AEBA}.Debug|Any CPU.Build.0 = Debug|Any CPU
		{4957A56C-91FC-4CCC-8BEE-39B17B34AEBA}.Release|Any CPU.ActiveCfg = Release|Any CPU
		{4957A56C-91FC-4CCC-8BEE-39B17B34AEBA}.Release|Any CPU.Build.0 = Release|Any CPU
	EndGlobalSection
EndGlobal
